
Microsoft Visual Studio Solution File, Format Version 12.00
# Visual Studio Version 17
VisualStudioVersion = 17.4.33213.308
MinimumVisualStudioVersion = 10.0.40219.1
Project("{FAE04EC0-301F-11D3-BF4B-00C04F79EFBC}") = "PW4.3", "PW4.3.csproj", "{6DAFB858-35AA-40DB-AE2B-1F0E025BD990}"
EndProject
Global
	GlobalSection(SolutionConfigurationPlatforms) = preSolution
		Debug|Any CPU = Debug|Any CPU
		Release|Any CPU = Release|Any CPU
	EndGlobalSection
	GlobalSection(ProjectConfigurationPlatforms) = postSolution
		{6DAFB858-35AA-40DB-AE2B-1F0E025BD990}.Debug|Any CPU.ActiveCfg = Debug|Any CPU
		{6DAFB858-35AA-40DB-AE2B-1F0E025BD990}.Debug|Any CPU.Build.0 = Debug|Any CPU
		{6DAFB858-35AA-40DB-AE2B-1F0E025BD990}.Release|Any CPU.ActiveCfg = Release|Any CPU
		{6DAFB858-35AA-40DB-AE2B-1F0E025BD990}.Release|Any CPU.Build.0 = Release|Any CPU
	EndGlobalSection
	GlobalSection(SolutionProperties) = preSolution
		HideSolutionNode = FALSE
	EndGlobalSection
	GlobalSection(ExtensibilityGlobals) = postSolution
		SolutionGuid = {17C203DC-AD46-4693-B4BC-23855C8C82E1}
	EndGlobalSection
EndGlobal
